
Microsoft Visual Studio Solution File, Format Version 12.00
# Visual Studio Version 16
VisualStudioVersion = 16.0.30717.126
MinimumVisualStudioVersion = 10.0.40219.1
Project("{F184B08F-C81C-45F6-A57F-5ABD9991F28F}") = "BAKRIO", "BAKRIO\BAKRIO.vbproj", "{7F628074-D0F3-4DA5-A3BD-5574EE17AEC7}"
EndProject
Global
	GlobalSection(SolutionConfigurationPlatforms) = preSolution
		Debug|Any CPU = Debug|Any CPU
		Release|Any CPU = Release|Any CPU
	EndGlobalSection
	GlobalSection(ProjectConfigurationPlatforms) = postSolution
		{7F628074-D0F3-4DA5-A3BD-5574EE17AEC7}.Debug|Any CPU.ActiveCfg = Debug|Any CPU
		{7F628074-D0F3-4DA5-A3BD-5574EE17AEC7}.Debug|Any CPU.Build.0 = Debug|Any CPU
		{7F628074-D0F3-4DA5-A3BD-5574EE17AEC7}.Release|Any CPU.ActiveCfg = Release|Any CPU
		{7F628074-D0F3-4DA5-A3BD-5574EE17AEC7}.Release|Any CPU.Build.0 = Release|Any CPU
	EndGlobalSection
	GlobalSection(SolutionProperties) = preSolution
		HideSolutionNode = FALSE
	EndGlobalSection
	GlobalSection(ExtensibilityGlobals) = postSolution
		SolutionGuid = {5CAC6B08-E7C5-4405-A93E-51B5E06A35FE}
	EndGlobalSection
EndGlobal
